
Microsoft Visual Studio Solution File, Format Version 12.00
# Visual Studio Version 17
VisualStudioVersion = 17.6.33829.357
MinimumVisualStudioVersion = 10.0.40219.1
Project("{9A19103F-16F7-4668-BE54-9A1E7A4F7556}") = "HSSolution.API", "HSSolution.API\HSSolution.API.csproj", "{0A39C8B5-33D2-48D6-A795-F9AFCDBC95D3}"
EndProject
Project("{9A19103F-16F7-4668-BE54-9A1E7A4F7556}") = "HSSolution.Application", "HSSolution.Application\HSSolution.Application.csproj", "{25341BBD-C95C-4F27-94F8-94A4060DC7DD}"
EndProject
Project("{9A19103F-16F7-4668-BE54-9A1E7A4F7556}") = "HSSolution.Persistence", "HSSolution.Persistence\HSSolution.Persistence.csproj", "{86606563-AF05-48C3-BF52-9650662C56A3}"
EndProject
Project("{9A19103F-16F7-4668-BE54-9A1E7A4F7556}") = "HSSolution.Domain", "HSSolution.Domain\HSSolution.Domain.csproj", "{B7624698-77BE-46C3-885C-E330F762F1BE}"
EndProject
Global
	GlobalSection(SolutionConfigurationPlatforms) = preSolution
		Debug|Any CPU = Debug|Any CPU
		Release|Any CPU = Release|Any CPU
	EndGlobalSection
	GlobalSection(ProjectConfigurationPlatforms) = postSolution
		{0A39C8B5-33D2-48D6-A795-F9AFCDBC95D3}.Debug|Any CPU.ActiveCfg = Debug|Any CPU
		{0A39C8B5-33D2-48D6-A795-F9AFCDBC95D3}.Debug|Any CPU.Build.0 = Debug|Any CPU
		{0A39C8B5-33D2-48D6-A795-F9AFCDBC95D3}.Release|Any CPU.ActiveCfg = Release|Any CPU
		{0A39C8B5-33D2-48D6-A795-F9AFCDBC95D3}.Release|Any CPU.Build.0 = Release|Any CPU
		{25341BBD-C95C-4F27-94F8-94A4060DC7DD}.Debug|Any CPU.ActiveCfg = Debug|Any CPU
		{25341BBD-C95C-4F27-94F8-94A4060DC7DD}.Debug|Any CPU.Build.0 = Debug|Any CPU
		{25341BBD-C95C-4F27-94F8-94A4060DC7DD}.Release|Any CPU.ActiveCfg = Release|Any CPU
		{25341BBD-C95C-4F27-94F8-94A4060DC7DD}.Release|Any CPU.Build.0 = Release|Any CPU
		{86606563-AF05-48C3-BF52-9650662C56A3}.Debug|Any CPU.ActiveCfg = Debug|Any CPU
		{86606563-AF05-48C3-BF52-9650662C56A3}.Debug|Any CPU.Build.0 = Debug|Any CPU
		{86606563-AF05-48C3-BF52-9650662C56A3}.Release|Any CPU.ActiveCfg = Release|Any CPU
		{86606563-AF05-48C3-BF52-9650662C56A3}.Release|Any CPU.Build.0 = Release|Any CPU
		{B7624698-77BE-46C3-885C-E330F762F1BE}.Debug|Any CPU.ActiveCfg = Debug|Any CPU
		{B7624698-77BE-46C3-885C-E330F762F1BE}.Debug|Any CPU.Build.0 = Debug|Any CPU
		{B7624698-77BE-46C3-885C-E330F762F1BE}.Release|Any CPU.ActiveCfg = Release|Any CPU
		{B7624698-77BE-46C3-885C-E330F762F1BE}.Release|Any CPU.Build.0 = Release|Any CPU
	EndGlobalSection
	GlobalSection(SolutionProperties) = preSolution
		HideSolutionNode = FALSE
	EndGlobalSection
	GlobalSection(ExtensibilityGlobals) = postSolution
		SolutionGuid = {F8B44418-E221-4470-9A4E-6ACAA5956A92}
	EndGlobalSection
EndGlobal
